// !$*UTF8*$!
{
	archiveVersion = 1;
	classes = {
	};
	objectVersion = 56;
	objects = {

/* Begin PBXBuildFile section */
		9252BDB02C7CF5280082AB80 /* MockAPIService.swift in Sources */ = {isa = PBXBuildFile; fileRef = 9252BDAF2C7CF5280082AB80 /* MockAPIService.swift */; };
		926C815F2C7C5AE800149454 /* CoinDetailsCache.swift in Sources */ = {isa = PBXBuildFile; fileRef = 926C815E2C7C5AE800149454 /* CoinDetailsCache.swift */; };
		92A964F52C7DA30400885C88 /* CryptoCoinTests.swift in Sources */ = {isa = PBXBuildFile; fileRef = 92A964F42C7DA30400885C88 /* CryptoCoinTests.swift */; };
		92A964FC2C7DA31B00885C88 /* Cointest.swift in Sources */ = {isa = PBXBuildFile; fileRef = 92A964FB2C7DA31B00885C88 /* Cointest.swift */; };
		92A964FE2C7DEB2C00885C88 /* CoinViewModelTest.swift in Sources */ = {isa = PBXBuildFile; fileRef = 92A964FD2C7DEB2C00885C88 /* CoinViewModelTest.swift */; };
		92A964FF2C7DF0E800885C88 /* Cointest.swift in Sources */ = {isa = PBXBuildFile; fileRef = 92A964FB2C7DA31B00885C88 /* Cointest.swift */; };
		92ABB8D22C79A34D00858168 /* CryptoCoinApp.swift in Sources */ = {isa = PBXBuildFile; fileRef = 92ABB8D12C79A34D00858168 /* CryptoCoinApp.swift */; };
		92ABB8D42C79A34D00858168 /* ContentView.swift in Sources */ = {isa = PBXBuildFile; fileRef = 92ABB8D32C79A34D00858168 /* ContentView.swift */; };
		92ABB8D62C79A34E00858168 /* Assets.xcassets in Resources */ = {isa = PBXBuildFile; fileRef = 92ABB8D52C79A34E00858168 /* Assets.xcassets */; };
		92ABB8D92C79A34E00858168 /* Preview Assets.xcassets in Resources */ = {isa = PBXBuildFile; fileRef = 92ABB8D82C79A34E00858168 /* Preview Assets.xcassets */; };
		92ABB8E62C79A49600858168 /* Coin.swift in Sources */ = {isa = PBXBuildFile; fileRef = 92ABB8E52C79A49600858168 /* Coin.swift */; };
		92ABB8E82C79A4E400858168 /* CoinviewModel.swift in Sources */ = {isa = PBXBuildFile; fileRef = 92ABB8E72C79A4E400858168 /* CoinviewModel.swift */; };
		92ABB8EA2C79A53800858168 /* CoinApiService.swift in Sources */ = {isa = PBXBuildFile; fileRef = 92ABB8E92C79A53800858168 /* CoinApiService.swift */; };
		92ABB8EC2C79AE2B00858168 /* CoinApiError.swift in Sources */ = {isa = PBXBuildFile; fileRef = 92ABB8EB2C79AE2B00858168 /* CoinApiError.swift */; };
		92CE87E02C79F37B0007D05C /* CoinDetailView.swift in Sources */ = {isa = PBXBuildFile; fileRef = 92CE87DF2C79F37B0007D05C /* CoinDetailView.swift */; };
		92CE87E22C7A09F80007D05C /* CoinDetails.swift in Sources */ = {isa = PBXBuildFile; fileRef = 92CE87E12C7A09F80007D05C /* CoinDetails.swift */; };
		92CE87E42C7A0E140007D05C /* CoinDetailViewModel.swift in Sources */ = {isa = PBXBuildFile; fileRef = 92CE87E32C7A0E140007D05C /* CoinDetailViewModel.swift */; };
		92CE87E72C7A65F00007D05C /* API.swift in Sources */ = {isa = PBXBuildFile; fileRef = 92CE87E62C7A65F00007D05C /* API.swift */; };
/* End PBXBuildFile section */

/* Begin PBXContainerItemProxy section */
		92A964F62C7DA30400885C88 /* PBXContainerItemProxy */ = {
			isa = PBXContainerItemProxy;
			containerPortal = 92ABB8C62C79A34D00858168 /* Project object */;
			proxyType = 1;
			remoteGlobalIDString = 92ABB8CD2C79A34D00858168;
			remoteInfo = CryptoCoin;
		};
/* End PBXContainerItemProxy section */

/* Begin PBXFileReference section */
		9252BDAF2C7CF5280082AB80 /* MockAPIService.swift */ = {isa = PBXFileReference; lastKnownFileType = sourcecode.swift; path = MockAPIService.swift; sourceTree = "<group>"; };
		926C815E2C7C5AE800149454 /* CoinDetailsCache.swift */ = {isa = PBXFileReference; lastKnownFileType = sourcecode.swift; path = CoinDetailsCache.swift; sourceTree = "<group>"; };
		92A964F22C7DA30400885C88 /* CryptoCoinTests.xctest */ = {isa = PBXFileReference; explicitFileType = wrapper.cfbundle; includeInIndex = 0; path = CryptoCoinTests.xctest; sourceTree = BUILT_PRODUCTS_DIR; };
		92A964F42C7DA30400885C88 /* CryptoCoinTests.swift */ = {isa = PBXFileReference; lastKnownFileType = sourcecode.swift; path = CryptoCoinTests.swift; sourceTree = "<group>"; };
		92A964FB2C7DA31B00885C88 /* Cointest.swift */ = {isa = PBXFileReference; lastKnownFileType = sourcecode.swift; path = Cointest.swift; sourceTree = "<group>"; };
		92A964FD2C7DEB2C00885C88 /* CoinViewModelTest.swift */ = {isa = PBXFileReference; lastKnownFileType = sourcecode.swift; path = CoinViewModelTest.swift; sourceTree = "<group>"; };
		92ABB8CE2C79A34D00858168 /* CryptoCoin.app */ = {isa = PBXFileReference; explicitFileType = wrapper.application; includeInIndex = 0; path = CryptoCoin.app; sourceTree = BUILT_PRODUCTS_DIR; };
		92ABB8D12C79A34D00858168 /* CryptoCoinApp.swift */ = {isa = PBXFileReference; lastKnownFileType = sourcecode.swift; name = CryptoCoinApp.swift; path = ../CryptoCoinApp.swift; sourceTree = "<group>"; };
		92ABB8D32C79A34D00858168 /* ContentView.swift */ = {isa = PBXFileReference; lastKnownFileType = sourcecode.swift; path = ContentView.swift; sourceTree = "<group>"; };
		92ABB8D52C79A34E00858168 /* Assets.xcassets */ = {isa = PBXFileReference; lastKnownFileType = folder.assetcatalog; path = Assets.xcassets; sourceTree = "<group>"; };
		92ABB8D82C79A34E00858168 /* Preview Assets.xcassets */ = {isa = PBXFileReference; lastKnownFileType = folder.assetcatalog; path = "Preview Assets.xcassets"; sourceTree = "<group>"; };
		92ABB8E52C79A49600858168 /* Coin.swift */ = {isa = PBXFileReference; lastKnownFileType = sourcecode.swift; path = Coin.swift; sourceTree = "<group>"; };
		92ABB8E72C79A4E400858168 /* CoinviewModel.swift */ = {isa = PBXFileReference; lastKnownFileType = sourcecode.swift; path = CoinviewModel.swift; sourceTree = "<group>"; };
		92ABB8E92C79A53800858168 /* CoinApiService.swift */ = {isa = PBXFileReference; lastKnownFileType = sourcecode.swift; path = CoinApiService.swift; sourceTree = "<group>"; };
		92ABB8EB2C79AE2B00858168 /* CoinApiError.swift */ = {isa = PBXFileReference; lastKnownFileType = sourcecode.swift; path = CoinApiError.swift; sourceTree = "<group>"; };
		92CE87DF2C79F37B0007D05C /* CoinDetailView.swift */ = {isa = PBXFileReference; lastKnownFileType = sourcecode.swift; path = CoinDetailView.swift; sourceTree = "<group>"; };
		92CE87E12C7A09F80007D05C /* CoinDetails.swift */ = {isa = PBXFileReference; lastKnownFileType = sourcecode.swift; path = CoinDetails.swift; sourceTree = "<group>"; };
		92CE87E32C7A0E140007D05C /* CoinDetailViewModel.swift */ = {isa = PBXFileReference; lastKnownFileType = sourcecode.swift; path = CoinDetailViewModel.swift; sourceTree = "<group>"; };
		92CE87E62C7A65F00007D05C /* API.swift */ = {isa = PBXFileReference; lastKnownFileType = sourcecode.swift; path = API.swift; sourceTree = "<group>"; };
/* End PBXFileReference section */

/* Begin PBXFrameworksBuildPhase section */
		92A964EF2C7DA30400885C88 /* Frameworks */ = {
			isa = PBXFrameworksBuildPhase;
			buildActionMask = 2147483647;
			files = (
			);
			runOnlyForDeploymentPostprocessing = 0;
		};
		92ABB8CB2C79A34D00858168 /* Frameworks */ = {
			isa = PBXFrameworksBuildPhase;
			buildActionMask = 2147483647;
			files = (
			);
			runOnlyForDeploymentPostprocessing = 0;
		};
/* End PBXFrameworksBuildPhase section */

/* Begin PBXGroup section */
		926C815C2C7C5AAF00149454 /* Cache */ = {
			isa = PBXGroup;
			children = (
				926C815E2C7C5AE800149454 /* CoinDetailsCache.swift */,
			);
			path = Cache;
			sourceTree = "<group>";
		};
		92A964F32C7DA30400885C88 /* CryptoCoinTests */ = {
			isa = PBXGroup;
			children = (
				92A964F42C7DA30400885C88 /* CryptoCoinTests.swift */,
				92A964FB2C7DA31B00885C88 /* Cointest.swift */,
				92A964FD2C7DEB2C00885C88 /* CoinViewModelTest.swift */,
			);
			path = CryptoCoinTests;
			sourceTree = "<group>";
		};
		92ABB8C52C79A34D00858168 = {
			isa = PBXGroup;
			children = (
				92ABB8D02C79A34D00858168 /* CryptoCoin */,
				92A964F32C7DA30400885C88 /* CryptoCoinTests */,
				92ABB8CF2C79A34D00858168 /* Products */,
			);
			sourceTree = "<group>";
		};
		92ABB8CF2C79A34D00858168 /* Products */ = {
			isa = PBXGroup;
			children = (
				92ABB8CE2C79A34D00858168 /* CryptoCoin.app */,
				92A964F22C7DA30400885C88 /* CryptoCoinTests.xctest */,
			);
			name = Products;
			sourceTree = "<group>";
		};
		92ABB8D02C79A34D00858168 /* CryptoCoin */ = {
			isa = PBXGroup;
			children = (
				92CE87E52C7A65D30007D05C /* Share */,
				92ABB8E02C79A39000858168 /* Core */,
				92ABB8E42C79A48800858168 /* Service */,
				92ABB8DF2C79A35200858168 /* App */,
				92ABB8D52C79A34E00858168 /* Assets.xcassets */,
				92ABB8D72C79A34E00858168 /* Preview Content */,
			);
			path = CryptoCoin;
			sourceTree = "<group>";
		};
		92ABB8D72C79A34E00858168 /* Preview Content */ = {
			isa = PBXGroup;
			children = (
				92ABB8D82C79A34E00858168 /* Preview Assets.xcassets */,
			);
			path = "Preview Content";
			sourceTree = "<group>";
		};
		92ABB8DF2C79A35200858168 /* App */ = {
			isa = PBXGroup;
			children = (
				92ABB8D12C79A34D00858168 /* CryptoCoinApp.swift */,
			);
			path = App;
			sourceTree = "<group>";
		};
		92ABB8E02C79A39000858168 /* Core */ = {
			isa = PBXGroup;
			children = (
				92CE87DA2C79F2E90007D05C /* AllCoin */,
				92CE87DB2C79F3250007D05C /* CoinDetails */,
			);
			path = Core;
			sourceTree = "<group>";
		};
		92ABB8E12C79A3C000858168 /* Model */ = {
			isa = PBXGroup;
			children = (
				92ABB8E52C79A49600858168 /* Coin.swift */,
				92ABB8EB2C79AE2B00858168 /* CoinApiError.swift */,
			);
			path = Model;
			sourceTree = "<group>";
		};
		92ABB8E22C79A3D200858168 /* View */ = {
			isa = PBXGroup;
			children = (
				92ABB8D32C79A34D00858168 /* ContentView.swift */,
			);
			path = View;
			sourceTree = "<group>";
		};
		92ABB8E32C79A3E100858168 /* ViewModel */ = {
			isa = PBXGroup;
			children = (
				92ABB8E72C79A4E400858168 /* CoinviewModel.swift */,
			);
			path = ViewModel;
			sourceTree = "<group>";
		};
		92ABB8E42C79A48800858168 /* Service */ = {
			isa = PBXGroup;
			children = (
				92ABB8E92C79A53800858168 /* CoinApiService.swift */,
				9252BDAF2C7CF5280082AB80 /* MockAPIService.swift */,
			);
			path = Service;
			sourceTree = "<group>";
		};
		92CE87DA2C79F2E90007D05C /* AllCoin */ = {
			isa = PBXGroup;
			children = (
				92ABB8E12C79A3C000858168 /* Model */,
				92ABB8E32C79A3E100858168 /* ViewModel */,
				92ABB8E22C79A3D200858168 /* View */,
			);
			path = AllCoin;
			sourceTree = "<group>";
		};
		92CE87DB2C79F3250007D05C /* CoinDetails */ = {
			isa = PBXGroup;
			children = (
				926C815C2C7C5AAF00149454 /* Cache */,
				92CE87DC2C79F3310007D05C /* Model */,
				92CE87DE2C79F3520007D05C /* ViewModel */,
				92CE87DD2C79F3420007D05C /* View */,
			);
			path = CoinDetails;
			sourceTree = "<group>";
		};
		92CE87DC2C79F3310007D05C /* Model */ = {
			isa = PBXGroup;
			children = (
				92CE87E12C7A09F80007D05C /* CoinDetails.swift */,
			);
			path = Model;
			sourceTree = "<group>";
		};
		92CE87DD2C79F3420007D05C /* View */ = {
			isa = PBXGroup;
			children = (
				92CE87DF2C79F37B0007D05C /* CoinDetailView.swift */,
			);
			path = View;
			sourceTree = "<group>";
		};
		92CE87DE2C79F3520007D05C /* ViewModel */ = {
			isa = PBXGroup;
			children = (
				92CE87E32C7A0E140007D05C /* CoinDetailViewModel.swift */,
			);
			path = ViewModel;
			sourceTree = "<group>";
		};
		92CE87E52C7A65D30007D05C /* Share */ = {
			isa = PBXGroup;
			children = (
				92CE87E62C7A65F00007D05C /* API.swift */,
			);
			path = Share;
			sourceTree = "<group>";
		};
/* End PBXGroup section */

/* Begin PBXNativeTarget section */
		92A964F12C7DA30400885C88 /* CryptoCoinTests */ = {
			isa = PBXNativeTarget;
			buildConfigurationList = 92A964FA2C7DA30400885C88 /* Build configuration list for PBXNativeTarget "CryptoCoinTests" */;
			buildPhases = (
				92A964EE2C7DA30400885C88 /* Sources */,
				92A964EF2C7DA30400885C88 /* Frameworks */,
				92A964F02C7DA30400885C88 /* Resources */,
			);
			buildRules = (
			);
			dependencies = (
				92A964F72C7DA30400885C88 /* PBXTargetDependency */,
			);
			name = CryptoCoinTests;
			productName = CryptoCoinTests;
			productReference = 92A964F22C7DA30400885C88 /* CryptoCoinTests.xctest */;
			productType = "com.apple.product-type.bundle.unit-test";
		};
		92ABB8CD2C79A34D00858168 /* CryptoCoin */ = {
			isa = PBXNativeTarget;
			buildConfigurationList = 92ABB8DC2C79A34E00858168 /* Build configuration list for PBXNativeTarget "CryptoCoin" */;
			buildPhases = (
				92ABB8CA2C79A34D00858168 /* Sources */,
				92ABB8CB2C79A34D00858168 /* Frameworks */,
				92ABB8CC2C79A34D00858168 /* Resources */,
			);
			buildRules = (
			);
			dependencies = (
			);
			name = CryptoCoin;
			productName = CryptoCoin;
			productReference = 92ABB8CE2C79A34D00858168 /* CryptoCoin.app */;
			productType = "com.apple.product-type.application";
		};
/* End PBXNativeTarget section */

/* Begin PBXProject section */
		92ABB8C62C79A34D00858168 /* Project object */ = {
			isa = PBXProject;
			attributes = {
				BuildIndependentTargetsInParallel = 1;
				LastSwiftUpdateCheck = 1540;
				LastUpgradeCheck = 1540;
				TargetAttributes = {
					92A964F12C7DA30400885C88 = {
						CreatedOnToolsVersion = 15.4;
						TestTargetID = 92ABB8CD2C79A34D00858168;
					};
					92ABB8CD2C79A34D00858168 = {
						CreatedOnToolsVersion = 15.4;
					};
				};
			};
			buildConfigurationList = 92ABB8C92C79A34D00858168 /* Build configuration list for PBXProject "CryptoCoin" */;
			compatibilityVersion = "Xcode 14.0";
			developmentRegion = en;
			hasScannedForEncodings = 0;
			knownRegions = (
				en,
				Base,
			);
			mainGroup = 92ABB8C52C79A34D00858168;
			productRefGroup = 92ABB8CF2C79A34D00858168 /* Products */;
			projectDirPath = "";
			projectRoot = "";
			targets = (
				92ABB8CD2C79A34D00858168 /* CryptoCoin */,
				92A964F12C7DA30400885C88 /* CryptoCoinTests */,
			);
		};
/* End PBXProject section */

/* Begin PBXResourcesBuildPhase section */
		92A964F02C7DA30400885C88 /* Resources */ = {
			isa = PBXResourcesBuildPhase;
			buildActionMask = 2147483647;
			files = (
			);
			runOnlyForDeploymentPostprocessing = 0;
		};
		92ABB8CC2C79A34D00858168 /* Resources */ = {
			isa = PBXResourcesBuildPhase;
			buildActionMask = 2147483647;
			files = (
				92ABB8D92C79A34E00858168 /* Preview Assets.xcassets in Resources */,
				92ABB8D62C79A34E00858168 /* Assets.xcassets in Resources */,
			);
			runOnlyForDeploymentPostprocessing = 0;
		};
/* End PBXResourcesBuildPhase section */

/* Begin PBXSourcesBuildPhase section */
		92A964EE2C7DA30400885C88 /* Sources */ = {
			isa = PBXSourcesBuildPhase;
			buildActionMask = 2147483647;
			files = (
				92A964FE2C7DEB2C00885C88 /* CoinViewModelTest.swift in Sources */,
				92A964FC2C7DA31B00885C88 /* Cointest.swift in Sources */,
				92A964F52C7DA30400885C88 /* CryptoCoinTests.swift in Sources */,
			);
			runOnlyForDeploymentPostprocessing = 0;
		};
		92ABB8CA2C79A34D00858168 /* Sources */ = {
			isa = PBXSourcesBuildPhase;
			buildActionMask = 2147483647;
			files = (
				9252BDB02C7CF5280082AB80 /* MockAPIService.swift in Sources */,
				92ABB8E62C79A49600858168 /* Coin.swift in Sources */,
				92A964FF2C7DF0E800885C88 /* Cointest.swift in Sources */,
				926C815F2C7C5AE800149454 /* CoinDetailsCache.swift in Sources */,
				92ABB8D42C79A34D00858168 /* ContentView.swift in Sources */,
				92ABB8D22C79A34D00858168 /* CryptoCoinApp.swift in Sources */,
				92CE87E42C7A0E140007D05C /* CoinDetailViewModel.swift in Sources */,
				92CE87E72C7A65F00007D05C /* API.swift in Sources */,
				92CE87E22C7A09F80007D05C /* CoinDetails.swift in Sources */,
				92ABB8E82C79A4E400858168 /* CoinviewModel.swift in Sources */,
				92ABB8EC2C79AE2B00858168 /* CoinApiError.swift in Sources */,
				92ABB8EA2C79A53800858168 /* CoinApiService.swift in Sources */,
				92CE87E02C79F37B0007D05C /* CoinDetailView.swift in Sources */,
			);
			runOnlyForDeploymentPostprocessing = 0;
		};
/* End PBXSourcesBuildPhase section */

/* Begin PBXTargetDependency section */
		92A964F72C7DA30400885C88 /* PBXTargetDependency */ = {
			isa = PBXTargetDependency;
			target = 92ABB8CD2C79A34D00858168 /* CryptoCoin */;
			targetProxy = 92A964F62C7DA30400885C88 /* PBXContainerItemProxy */;
		};
/* End PBXTargetDependency section */

/* Begin XCBuildConfiguration section */
		92A964F82C7DA30400885C88 /* Debug */ = {
			isa = XCBuildConfiguration;
			buildSettings = {
				BUNDLE_LOADER = "$(TEST_HOST)";
				CODE_SIGN_STYLE = Automatic;
				CURRENT_PROJECT_VERSION = 1;
				GENERATE_INFOPLIST_FILE = YES;
				MARKETING_VERSION = 1.0;
				PRODUCT_BUNDLE_IDENTIFIER = abc.CryptoCoinTests;
				PRODUCT_NAME = "$(TARGET_NAME)";
				SWIFT_EMIT_LOC_STRINGS = NO;
				SWIFT_VERSION = 5.0;
				TARGETED_DEVICE_FAMILY = "1,2";
				TEST_HOST = "$(BUILT_PRODUCTS_DIR)/CryptoCoin.app/$(BUNDLE_EXECUTABLE_FOLDER_PATH)/CryptoCoin";
			};
			name = Debug;
		};
		92A964F92C7DA30400885C88 /* Release */ = {
			isa = XCBuildConfiguration;
			buildSettings = {
				BUNDLE_LOADER = "$(TEST_HOST)";
				CODE_SIGN_STYLE = Automatic;
				CURRENT_PROJECT_VERSION = 1;
				GENERATE_INFOPLIST_FILE = YES;
				MARKETING_VERSION = 1.0;
				PRODUCT_BUNDLE_IDENTIFIER = abc.CryptoCoinTests;
				PRODUCT_NAME = "$(TARGET_NAME)";
				SWIFT_EMIT_LOC_STRINGS = NO;
				SWIFT_VERSION = 5.0;
				TARGETED_DEVICE_FAMILY = "1,2";
				TEST_HOST = "$(BUILT_PRODUCTS_DIR)/CryptoCoin.app/$(BUNDLE_EXECUTABLE_FOLDER_PATH)/CryptoCoin";
			};
			name = Release;
		};
		92ABB8DA2C79A34E00858168 /* Debug */ = {
			isa = XCBuildConfiguration;
			buildSettings = {
				ALWAYS_SEARCH_USER_PATHS = NO;
				ASSETCATALOG_COMPILER_GENERATE_SWIFT_ASSET_SYMBOL_EXTENSIONS = YES;
				CLANG_ANALYZER_NONNULL = YES;
				CLANG_ANALYZER_NUMBER_OBJECT_CONVERSION = YES_AGGRESSIVE;
				CLANG_CXX_LANGUAGE_STANDARD = "gnu++20";
				CLANG_ENABLE_MODULES = YES;
				CLANG_ENABLE_OBJC_ARC = YES;
				CLANG_ENABLE_OBJC_WEAK = YES;
				CLANG_WARN_BLOCK_CAPTURE_AUTORELEASING = YES;
				CLANG_WARN_BOOL_CONVERSION = YES;
				CLANG_WARN_COMMA = YES;
				CLANG_WARN_CONSTANT_CONVERSION = YES;
				CLANG_WARN_DEPRECATED_OBJC_IMPLEMENTATIONS = YES;
				CLANG_WARN_DIRECT_OBJC_ISA_USAGE = YES_ERROR;
				CLANG_WARN_DOCUMENTATION_COMMENTS = YES;
				CLANG_WARN_EMPTY_BODY = YES;
				CLANG_WARN_ENUM_CONVERSION = YES;
				CLANG_WARN_INFINITE_RECURSION = YES;
				CLANG_WARN_INT_CONVERSION = YES;
				CLANG_WARN_NON_LITERAL_NULL_CONVERSION = YES;
				CLANG_WARN_OBJC_IMPLICIT_RETAIN_SELF = YES;
				CLANG_WARN_OBJC_LITERAL_CONVERSION = YES;
				CLANG_WARN_OBJC_ROOT_CLASS = YES_ERROR;
				CLANG_WARN_QUOTED_INCLUDE_IN_FRAMEWORK_HEADER = YES;
				CLANG_WARN_RANGE_LOOP_ANALYSIS = YES;
				CLANG_WARN_STRICT_PROTOTYPES = YES;
				CLANG_WARN_SUSPICIOUS_MOVE = YES;
				CLANG_WARN_UNGUARDED_AVAILABILITY = YES_AGGRESSIVE;
				CLANG_WARN_UNREACHABLE_CODE = YES;
				CLANG_WARN__DUPLICATE_METHOD_MATCH = YES;
				COPY_PHASE_STRIP = NO;
				DEBUG_INFORMATION_FORMAT = dwarf;
				ENABLE_STRICT_OBJC_MSGSEND = YES;
				ENABLE_TESTABILITY = YES;
				ENABLE_USER_SCRIPT_SANDBOXING = YES;
				GCC_C_LANGUAGE_STANDARD = gnu17;
				GCC_DYNAMIC_NO_PIC = NO;
				GCC_NO_COMMON_BLOCKS = YES;
				GCC_OPTIMIZATION_LEVEL = 0;
				GCC_PREPROCESSOR_DEFINITIONS = (
					"DEBUG=1",
					"$(inherited)",
				);
				GCC_WARN_64_TO_32_BIT_CONVERSION = YES;
				GCC_WARN_ABOUT_RETURN_TYPE = YES_ERROR;
				GCC_WARN_UNDECLARED_SELECTOR = YES;
				GCC_WARN_UNINITIALIZED_AUTOS = YES_AGGRESSIVE;
				GCC_WARN_UNUSED_FUNCTION = YES;
				GCC_WARN_UNUSED_VARIABLE = YES;
				IPHONEOS_DEPLOYMENT_TARGET = 17.5;
				LOCALIZATION_PREFERS_STRING_CATALOGS = YES;
				MTL_ENABLE_DEBUG_INFO = INCLUDE_SOURCE;
				MTL_FAST_MATH = YES;
				ONLY_ACTIVE_ARCH = YES;
				SDKROOT = iphoneos;
				SWIFT_ACTIVE_COMPILATION_CONDITIONS = "DEBUG $(inherited)";
				SWIFT_OPTIMIZATION_LEVEL = "-Onone";
			};
			name = Debug;
		};
		92ABB8DB2C79A34E00858168 /* Release */ = {
			isa = XCBuildConfiguration;
			buildSettings = {
				ALWAYS_SEARCH_USER_PATHS = NO;
				ASSETCATALOG_COMPILER_GENERATE_SWIFT_ASSET_SYMBOL_EXTENSIONS = YES;
				CLANG_ANALYZER_NONNULL = YES;
				CLANG_ANALYZER_NUMBER_OBJECT_CONVERSION = YES_AGGRESSIVE;
				CLANG_CXX_LANGUAGE_STANDARD = "gnu++20";
				CLANG_ENABLE_MODULES = YES;
				CLANG_ENABLE_OBJC_ARC = YES;
				CLANG_ENABLE_OBJC_WEAK = YES;
				CLANG_WARN_BLOCK_CAPTURE_AUTORELEASING = YES;
				CLANG_WARN_BOOL_CONVERSION = YES;
				CLANG_WARN_COMMA = YES;
				CLANG_WARN_CONSTANT_CONVERSION = YES;
				CLANG_WARN_DEPRECATED_OBJC_IMPLEMENTATIONS = YES;
				CLANG_WARN_DIRECT_OBJC_ISA_USAGE = YES_ERROR;
				CLANG_WARN_DOCUMENTATION_COMMENTS = YES;
				CLANG_WARN_EMPTY_BODY = YES;
				CLANG_WARN_ENUM_CONVERSION = YES;
				CLANG_WARN_INFINITE_RECURSION = YES;
				CLANG_WARN_INT_CONVERSION = YES;
				CLANG_WARN_NON_LITERAL_NULL_CONVERSION = YES;
				CLANG_WARN_OBJC_IMPLICIT_RETAIN_SELF = YES;
				CLANG_WARN_OBJC_LITERAL_CONVERSION = YES;
				CLANG_WARN_OBJC_ROOT_CLASS = YES_ERROR;
				CLANG_WARN_QUOTED_INCLUDE_IN_FRAMEWORK_HEADER = YES;
				CLANG_WARN_RANGE_LOOP_ANALYSIS = YES;
				CLANG_WARN_STRICT_PROTOTYPES = YES;
				CLANG_WARN_SUSPICIOUS_MOVE = YES;
				CLANG_WARN_UNGUARDED_AVAILABILITY = YES_AGGRESSIVE;
				CLANG_WARN_UNREACHABLE_CODE = YES;
				CLANG_WARN__DUPLICATE_METHOD_MATCH = YES;
				COPY_PHASE_STRIP = NO;
				DEBUG_INFORMATION_FORMAT = "dwarf-with-dsym";
				ENABLE_NS_ASSERTIONS = NO;
				ENABLE_STRICT_OBJC_MSGSEND = YES;
				ENABLE_USER_SCRIPT_SANDBOXING = YES;
				GCC_C_LANGUAGE_STANDARD = gnu17;
				GCC_NO_COMMON_BLOCKS = YES;
				GCC_WARN_64_TO_32_BIT_CONVERSION = YES;
				GCC_WARN_ABOUT_RETURN_TYPE = YES_ERROR;
				GCC_WARN_UNDECLARED_SELECTOR = YES;
				GCC_WARN_UNINITIALIZED_AUTOS = YES_AGGRESSIVE;
				GCC_WARN_UNUSED_FUNCTION = YES;
				GCC_WARN_UNUSED_VARIABLE = YES;
				IPHONEOS_DEPLOYMENT_TARGET = 17.5;
				LOCALIZATION_PREFERS_STRING_CATALOGS = YES;
				MTL_ENABLE_DEBUG_INFO = NO;
				MTL_FAST_MATH = YES;
				SDKROOT = iphoneos;
				SWIFT_COMPILATION_MODE = wholemodule;
				VALIDATE_PRODUCT = YES;
			};
			name = Release;
		};
		92ABB8DD2C79A34E00858168 /* Debug */ = {
			isa = XCBuildConfiguration;
			buildSettings = {
				ASSETCATALOG_COMPILER_APPICON_NAME = AppIcon;
				ASSETCATALOG_COMPILER_GLOBAL_ACCENT_COLOR_NAME = AccentColor;
				CODE_SIGN_STYLE = Automatic;
				CURRENT_PROJECT_VERSION = 1;
				DEVELOPMENT_ASSET_PATHS = "\"CryptoCoin/Preview Content\"";
				ENABLE_PREVIEWS = YES;
				GENERATE_INFOPLIST_FILE = YES;
				INFOPLIST_KEY_UIApplicationSceneManifest_Generation = YES;
				INFOPLIST_KEY_UIApplicationSupportsIndirectInputEvents = YES;
				INFOPLIST_KEY_UILaunchScreen_Generation = YES;
				INFOPLIST_KEY_UISupportedInterfaceOrientations_iPad = "UIInterfaceOrientationPortrait UIInterfaceOrientationPortraitUpsideDown UIInterfaceOrientationLandscapeLeft UIInterfaceOrientationLandscapeRight";
				INFOPLIST_KEY_UISupportedInterfaceOrientations_iPhone = "UIInterfaceOrientationPortrait UIInterfaceOrientationLandscapeLeft UIInterfaceOrientationLandscapeRight";
				LD_RUNPATH_SEARCH_PATHS = (
					"$(inherited)",
					"@executable_path/Frameworks",
				);
				MARKETING_VERSION = 1.0;
				PRODUCT_BUNDLE_IDENTIFIER = abc.CryptoCoin;
				PRODUCT_NAME = "$(TARGET_NAME)";
				SWIFT_EMIT_LOC_STRINGS = YES;
				SWIFT_VERSION = 5.0;
				TARGETED_DEVICE_FAMILY = "1,2";
			};
			name = Debug;
		};
		92ABB8DE2C79A34E00858168 /* Release */ = {
			isa = XCBuildConfiguration;
			buildSettings = {
				ASSETCATALOG_COMPILER_APPICON_NAME = AppIcon;
				ASSETCATALOG_COMPILER_GLOBAL_ACCENT_COLOR_NAME = AccentColor;
				CODE_SIGN_STYLE = Automatic;
				CURRENT_PROJECT_VERSION = 1;
				DEVELOPMENT_ASSET_PATHS = "\"CryptoCoin/Preview Content\"";
				ENABLE_PREVIEWS = YES;
				GENERATE_INFOPLIST_FILE = YES;
				INFOPLIST_KEY_UIApplicationSceneManifest_Generation = YES;
				INFOPLIST_KEY_UIApplicationSupportsIndirectInputEvents = YES;
				INFOPLIST_KEY_UILaunchScreen_Generation = YES;
				INFOPLIST_KEY_UISupportedInterfaceOrientations_iPad = "UIInterfaceOrientationPortrait UIInterfaceOrientationPortraitUpsideDown UIInterfaceOrientationLandscapeLeft UIInterfaceOrientationLandscapeRight";
				INFOPLIST_KEY_UISupportedInterfaceOrientations_iPhone = "UIInterfaceOrientationPortrait UIInterfaceOrientationLandscapeLeft UIInterfaceOrientationLandscapeRight";
				LD_RUNPATH_SEARCH_PATHS = (
					"$(inherited)",
					"@executable_path/Frameworks",
				);
				MARKETING_VERSION = 1.0;
				PRODUCT_BUNDLE_IDENTIFIER = abc.CryptoCoin;
				PRODUCT_NAME = "$(TARGET_NAME)";
				SWIFT_EMIT_LOC_STRINGS = YES;
				SWIFT_VERSION = 5.0;
				TARGETED_DEVICE_FAMILY = "1,2";
			};
			name = Release;
		};
/* End XCBuildConfiguration section */

/* Begin XCConfigurationList section */
		92A964FA2C7DA30400885C88 /* Build configuration list for PBXNativeTarget "CryptoCoinTests" */ = {
			isa = XCConfigurationList;
			buildConfigurations = (
				92A964F82C7DA30400885C88 /* Debug */,
				92A964F92C7DA30400885C88 /* Release */,
			);
			defaultConfigurationIsVisible = 0;
			defaultConfigurationName = Release;
		};
		92ABB8C92C79A34D00858168 /* Build configuration list for PBXProject "CryptoCoin" */ = {
			isa = XCConfigurationList;
			buildConfigurations = (
				92ABB8DA2C79A34E00858168 /* Debug */,
				92ABB8DB2C79A34E00858168 /* Release */,
			);
			defaultConfigurationIsVisible = 0;
			defaultConfigurationName = Release;
		};
		92ABB8DC2C79A34E00858168 /* Build configuration list for PBXNativeTarget "CryptoCoin" */ = {
			isa = XCConfigurationList;
			buildConfigurations = (
				92ABB8DD2C79A34E00858168 /* Debug */,
				92ABB8DE2C79A34E00858168 /* Release */,
			);
			defaultConfigurationIsVisible = 0;
			defaultConfigurationName = Release;
		};
/* End XCConfigurationList section */
	};
	rootObject = 92ABB8C62C79A34D00858168 /* Project object */;
}
